
Microsoft Visual Studio Solution File, Format Version 12.00
# Visual Studio Version 16
VisualStudioVersion = 16.0.30611.23
MinimumVisualStudioVersion = 10.0.40219.1
Project("{FAE04EC0-301F-11D3-BF4B-00C04F79EFBC}") = "OwinExample", "OwinExample\OwinExample.csproj", "{C42194FF-02E4-43CA-88E1-A7ED10C7D534}"
EndProject
Global
	GlobalSection(SolutionConfigurationPlatforms) = preSolution
		Debug|Any CPU = Debug|Any CPU
		Release|Any CPU = Release|Any CPU
	EndGlobalSection
	GlobalSection(ProjectConfigurationPlatforms) = postSolution
		{C42194FF-02E4-43CA-88E1-A7ED10C7D534}.Debug|Any CPU.ActiveCfg = Debug|Any CPU
		{C42194FF-02E4-43CA-88E1-A7ED10C7D534}.Debug|Any CPU.Build.0 = Debug|Any CPU
		{C42194FF-02E4-43CA-88E1-A7ED10C7D534}.Release|Any CPU.ActiveCfg = Release|Any CPU
		{C42194FF-02E4-43CA-88E1-A7ED10C7D534}.Release|Any CPU.Build.0 = Release|Any CPU
	EndGlobalSection
	GlobalSection(SolutionProperties) = preSolution
		HideSolutionNode = FALSE
	EndGlobalSection
	GlobalSection(ExtensibilityGlobals) = postSolution
		SolutionGuid = {3D2C4B3C-6981-4A34-AD02-5C2E6D21D132}
	EndGlobalSection
EndGlobal
